// !$*UTF8*$!
{
	archiveVersion = 1;
	classes = {
	};
	objectVersion = 50;
	objects = {

/* Begin PBXBuildFile section */
		4D278255219E5ADA005EEC81 /* Differentiator.framework in Frameworks */ = {isa = PBXBuildFile; fileRef = 4D278253219E5AD9005EEC81 /* Differentiator.framework */; };
		4D278256219E5ADA005EEC81 /* Differentiator.framework in Embed Frameworks */ = {isa = PBXBuildFile; fileRef = 4D278253219E5AD9005EEC81 /* Differentiator.framework */; settings = {ATTRIBUTES = (CodeSignOnCopy, RemoveHeadersOnCopy, ); }; };
		4D278257219E5ADA005EEC81 /* RxDataSources.framework in Frameworks */ = {isa = PBXBuildFile; fileRef = 4D278254219E5ADA005EEC81 /* RxDataSources.framework */; };
		4D278258219E5ADA005EEC81 /* RxDataSources.framework in Embed Frameworks */ = {isa = PBXBuildFile; fileRef = 4D278254219E5ADA005EEC81 /* RxDataSources.framework */; settings = {ATTRIBUTES = (CodeSignOnCopy, RemoveHeadersOnCopy, ); }; };
		4DA8150F219BB08000646764 /* RxViewCallback.framework in Frameworks */ = {isa = PBXBuildFile; fileRef = 4DA81505219BB08000646764 /* RxViewCallback.framework */; };
		4DA81514219BB08000646764 /* RxViewCallbackTests.m in Sources */ = {isa = PBXBuildFile; fileRef = 4DA81513219BB08000646764 /* RxViewCallbackTests.m */; };
		4DA81516219BB08000646764 /* RxViewCallback.h in Headers */ = {isa = PBXBuildFile; fileRef = 4DA81508219BB08000646764 /* RxViewCallback.h */; settings = {ATTRIBUTES = (Public, ); }; };
		4DA81526219BB0AB00646764 /* UICollectionViewCell+Callback.swift in Sources */ = {isa = PBXBuildFile; fileRef = 4DA8151F219BB0AB00646764 /* UICollectionViewCell+Callback.swift */; };
		4DA81527219BB0AB00646764 /* RxViewCallbackDelegateProxy.swift in Sources */ = {isa = PBXBuildFile; fileRef = 4DA81520219BB0AB00646764 /* RxViewCallbackDelegateProxy.swift */; };
		4DA81528219BB0AB00646764 /* RxViewCallbackDelegate.swift in Sources */ = {isa = PBXBuildFile; fileRef = 4DA81521219BB0AB00646764 /* RxViewCallbackDelegate.swift */; };
		4DA81529219BB0AB00646764 /* UIView+Callback.swift in Sources */ = {isa = PBXBuildFile; fileRef = 4DA81522219BB0AB00646764 /* UIView+Callback.swift */; };
		4DA8152A219BB0AB00646764 /* CallbackData.swift in Sources */ = {isa = PBXBuildFile; fileRef = 4DA81523219BB0AB00646764 /* CallbackData.swift */; };
		4DA8152B219BB0AB00646764 /* UITableViewHeaderFooterView+Callback.swift in Sources */ = {isa = PBXBuildFile; fileRef = 4DA81524219BB0AB00646764 /* UITableViewHeaderFooterView+Callback.swift */; };
		4DA8152C219BB0AB00646764 /* UITableViewCell+Callback.swift in Sources */ = {isa = PBXBuildFile; fileRef = 4DA81525219BB0AB00646764 /* UITableViewCell+Callback.swift */; };
		4DA81530219BB85100646764 /* RxSwift.framework in Frameworks */ = {isa = PBXBuildFile; fileRef = 4DA8152E219BB85100646764 /* RxSwift.framework */; };
		4DA81531219BB85100646764 /* RxCocoa.framework in Frameworks */ = {isa = PBXBuildFile; fileRef = 4DA8152F219BB85100646764 /* RxCocoa.framework */; };
		4DA8156F219BB8BE00646764 /* AppDelegate.swift in Sources */ = {isa = PBXBuildFile; fileRef = 4DA8156E219BB8BE00646764 /* AppDelegate.swift */; };
		4DA81571219BB8BE00646764 /* ExampleViewController.swift in Sources */ = {isa = PBXBuildFile; fileRef = 4DA81570219BB8BE00646764 /* ExampleViewController.swift */; };
		4DA81574219BB8BE00646764 /* Main.storyboard in Resources */ = {isa = PBXBuildFile; fileRef = 4DA81572219BB8BE00646764 /* Main.storyboard */; };
		4DA81576219BB8BE00646764 /* Assets.xcassets in Resources */ = {isa = PBXBuildFile; fileRef = 4DA81575219BB8BE00646764 /* Assets.xcassets */; };
		4DA81579219BB8BE00646764 /* LaunchScreen.storyboard in Resources */ = {isa = PBXBuildFile; fileRef = 4DA81577219BB8BE00646764 /* LaunchScreen.storyboard */; };
		4DA8157E219BB8D000646764 /* RxCocoa.framework in Frameworks */ = {isa = PBXBuildFile; fileRef = 4DA8152F219BB85100646764 /* RxCocoa.framework */; };
		4DA8157F219BB8D000646764 /* RxCocoa.framework in Embed Frameworks */ = {isa = PBXBuildFile; fileRef = 4DA8152F219BB85100646764 /* RxCocoa.framework */; settings = {ATTRIBUTES = (CodeSignOnCopy, RemoveHeadersOnCopy, ); }; };
		4DA81580219BB8D000646764 /* RxSwift.framework in Frameworks */ = {isa = PBXBuildFile; fileRef = 4DA8152E219BB85100646764 /* RxSwift.framework */; };
		4DA81581219BB8D000646764 /* RxSwift.framework in Embed Frameworks */ = {isa = PBXBuildFile; fileRef = 4DA8152E219BB85100646764 /* RxSwift.framework */; settings = {ATTRIBUTES = (CodeSignOnCopy, RemoveHeadersOnCopy, ); }; };
		4DA81583219BB8D300646764 /* RxViewCallback.framework in Frameworks */ = {isa = PBXBuildFile; fileRef = 4DA81505219BB08000646764 /* RxViewCallback.framework */; };
		4DA81584219BB8D300646764 /* RxViewCallback.framework in Embed Frameworks */ = {isa = PBXBuildFile; fileRef = 4DA81505219BB08000646764 /* RxViewCallback.framework */; settings = {ATTRIBUTES = (CodeSignOnCopy, RemoveHeadersOnCopy, ); }; };
		4DA8158A219BB93900646764 /* ExampleTableViewController.swift in Sources */ = {isa = PBXBuildFile; fileRef = 4DA81589219BB93900646764 /* ExampleTableViewController.swift */; };
		4DA8158C219BB9C700646764 /* ExampleTableViewCell.swift in Sources */ = {isa = PBXBuildFile; fileRef = 4DA8158B219BB9C700646764 /* ExampleTableViewCell.swift */; };
		4DA8159C219C079800646764 /* ExampleSection.swift in Sources */ = {isa = PBXBuildFile; fileRef = 4DA8159B219C079800646764 /* ExampleSection.swift */; };
		4DA8159F219C0BA700646764 /* ExmapleView.swift in Sources */ = {isa = PBXBuildFile; fileRef = 4DA8159E219C0BA700646764 /* ExmapleView.swift */; };
		4DA815A1219C0FF900646764 /* ExmapleView.xib in Resources */ = {isa = PBXBuildFile; fileRef = 4DA815A0219C0FF900646764 /* ExmapleView.xib */; };
/* End PBXBuildFile section */

/* Begin PBXContainerItemProxy section */
		4DA81510219BB08000646764 /* PBXContainerItemProxy */ = {
			isa = PBXContainerItemProxy;
			containerPortal = 4DA814FC219BB07F00646764 /* Project object */;
			proxyType = 1;
			remoteGlobalIDString = 4DA81504219BB08000646764;
			remoteInfo = RxViewCallback;
		};
		4DA81585219BB8D300646764 /* PBXContainerItemProxy */ = {
			isa = PBXContainerItemProxy;
			containerPortal = 4DA814FC219BB07F00646764 /* Project object */;
			proxyType = 1;
			remoteGlobalIDString = 4DA81504219BB08000646764;
			remoteInfo = RxViewCallback;
		};
/* End PBXContainerItemProxy section */

/* Begin PBXCopyFilesBuildPhase section */
		4DA81582219BB8D000646764 /* Embed Frameworks */ = {
			isa = PBXCopyFilesBuildPhase;
			buildActionMask = 2147483647;
			dstPath = "";
			dstSubfolderSpec = 10;
			files = (
				4DA81584219BB8D300646764 /* RxViewCallback.framework in Embed Frameworks */,
				4DA81581219BB8D000646764 /* RxSwift.framework in Embed Frameworks */,
				4D278258219E5ADA005EEC81 /* RxDataSources.framework in Embed Frameworks */,
				4D278256219E5ADA005EEC81 /* Differentiator.framework in Embed Frameworks */,
				4DA8157F219BB8D000646764 /* RxCocoa.framework in Embed Frameworks */,
			);
			name = "Embed Frameworks";
			runOnlyForDeploymentPostprocessing = 0;
		};
/* End PBXCopyFilesBuildPhase section */

/* Begin PBXFileReference section */
		4D278253219E5AD9005EEC81 /* Differentiator.framework */ = {isa = PBXFileReference; lastKnownFileType = wrapper.framework; name = Differentiator.framework; path = Carthage/Build/iOS/Differentiator.framework; sourceTree = "<group>"; };
		4D278254219E5ADA005EEC81 /* RxDataSources.framework */ = {isa = PBXFileReference; lastKnownFileType = wrapper.framework; name = RxDataSources.framework; path = Carthage/Build/iOS/RxDataSources.framework; sourceTree = "<group>"; };
		4DA81505219BB08000646764 /* RxViewCallback.framework */ = {isa = PBXFileReference; explicitFileType = wrapper.framework; includeInIndex = 0; path = RxViewCallback.framework; sourceTree = BUILT_PRODUCTS_DIR; };
		4DA81508219BB08000646764 /* RxViewCallback.h */ = {isa = PBXFileReference; lastKnownFileType = sourcecode.c.h; path = RxViewCallback.h; sourceTree = "<group>"; };
		4DA81509219BB08000646764 /* Info.plist */ = {isa = PBXFileReference; lastKnownFileType = text.plist.xml; path = Info.plist; sourceTree = "<group>"; };
		4DA8150E219BB08000646764 /* RxViewCallbackTests.xctest */ = {isa = PBXFileReference; explicitFileType = wrapper.cfbundle; includeInIndex = 0; path = RxViewCallbackTests.xctest; sourceTree = BUILT_PRODUCTS_DIR; };
		4DA81513219BB08000646764 /* RxViewCallbackTests.m */ = {isa = PBXFileReference; lastKnownFileType = sourcecode.c.objc; path = RxViewCallbackTests.m; sourceTree = "<group>"; };
		4DA81515219BB08000646764 /* Info.plist */ = {isa = PBXFileReference; lastKnownFileType = text.plist.xml; path = Info.plist; sourceTree = "<group>"; };
		4DA8151F219BB0AB00646764 /* UICollectionViewCell+Callback.swift */ = {isa = PBXFileReference; fileEncoding = 4; lastKnownFileType = sourcecode.swift; path = "UICollectionViewCell+Callback.swift"; sourceTree = "<group>"; };
		4DA81520219BB0AB00646764 /* RxViewCallbackDelegateProxy.swift */ = {isa = PBXFileReference; fileEncoding = 4; lastKnownFileType = sourcecode.swift; path = RxViewCallbackDelegateProxy.swift; sourceTree = "<group>"; };
		4DA81521219BB0AB00646764 /* RxViewCallbackDelegate.swift */ = {isa = PBXFileReference; fileEncoding = 4; lastKnownFileType = sourcecode.swift; path = RxViewCallbackDelegate.swift; sourceTree = "<group>"; };
		4DA81522219BB0AB00646764 /* UIView+Callback.swift */ = {isa = PBXFileReference; fileEncoding = 4; lastKnownFileType = sourcecode.swift; path = "UIView+Callback.swift"; sourceTree = "<group>"; };
		4DA81523219BB0AB00646764 /* CallbackData.swift */ = {isa = PBXFileReference; fileEncoding = 4; lastKnownFileType = sourcecode.swift; path = CallbackData.swift; sourceTree = "<group>"; };
		4DA81524219BB0AB00646764 /* UITableViewHeaderFooterView+Callback.swift */ = {isa = PBXFileReference; fileEncoding = 4; lastKnownFileType = sourcecode.swift; path = "UITableViewHeaderFooterView+Callback.swift"; sourceTree = "<group>"; };
		4DA81525219BB0AB00646764 /* UITableViewCell+Callback.swift */ = {isa = PBXFileReference; fileEncoding = 4; lastKnownFileType = sourcecode.swift; path = "UITableViewCell+Callback.swift"; sourceTree = "<group>"; };
		4DA8152E219BB85100646764 /* RxSwift.framework */ = {isa = PBXFileReference; lastKnownFileType = wrapper.framework; name = RxSwift.framework; path = Carthage/Build/iOS/RxSwift.framework; sourceTree = "<group>"; };
		4DA8152F219BB85100646764 /* RxCocoa.framework */ = {isa = PBXFileReference; lastKnownFileType = wrapper.framework; name = RxCocoa.framework; path = Carthage/Build/iOS/RxCocoa.framework; sourceTree = "<group>"; };
		4DA8156C219BB8BE00646764 /* RxViewCallbackExample.app */ = {isa = PBXFileReference; explicitFileType = wrapper.application; includeInIndex = 0; path = RxViewCallbackExample.app; sourceTree = BUILT_PRODUCTS_DIR; };
		4DA8156E219BB8BE00646764 /* AppDelegate.swift */ = {isa = PBXFileReference; lastKnownFileType = sourcecode.swift; path = AppDelegate.swift; sourceTree = "<group>"; };
		4DA81570219BB8BE00646764 /* ExampleViewController.swift */ = {isa = PBXFileReference; lastKnownFileType = sourcecode.swift; path = ExampleViewController.swift; sourceTree = "<group>"; };
		4DA81573219BB8BE00646764 /* Base */ = {isa = PBXFileReference; lastKnownFileType = file.storyboard; name = Base; path = Base.lproj/Main.storyboard; sourceTree = "<group>"; };
		4DA81575219BB8BE00646764 /* Assets.xcassets */ = {isa = PBXFileReference; lastKnownFileType = folder.assetcatalog; path = Assets.xcassets; sourceTree = "<group>"; };
		4DA81578219BB8BE00646764 /* Base */ = {isa = PBXFileReference; lastKnownFileType = file.storyboard; name = Base; path = Base.lproj/LaunchScreen.storyboard; sourceTree = "<group>"; };
		4DA8157A219BB8BE00646764 /* Info.plist */ = {isa = PBXFileReference; lastKnownFileType = text.plist.xml; path = Info.plist; sourceTree = "<group>"; };
		4DA81589219BB93900646764 /* ExampleTableViewController.swift */ = {isa = PBXFileReference; lastKnownFileType = sourcecode.swift; path = ExampleTableViewController.swift; sourceTree = "<group>"; };
		4DA8158B219BB9C700646764 /* ExampleTableViewCell.swift */ = {isa = PBXFileReference; lastKnownFileType = sourcecode.swift; path = ExampleTableViewCell.swift; sourceTree = "<group>"; };
		4DA8159B219C079800646764 /* ExampleSection.swift */ = {isa = PBXFileReference; lastKnownFileType = sourcecode.swift; path = ExampleSection.swift; sourceTree = "<group>"; };
		4DA8159E219C0BA700646764 /* ExmapleView.swift */ = {isa = PBXFileReference; lastKnownFileType = sourcecode.swift; path = ExmapleView.swift; sourceTree = "<group>"; };
		4DA815A0219C0FF900646764 /* ExmapleView.xib */ = {isa = PBXFileReference; lastKnownFileType = file.xib; path = ExmapleView.xib; sourceTree = "<group>"; };
/* End PBXFileReference section */

/* Begin PBXFrameworksBuildPhase section */
		4DA81502219BB08000646764 /* Frameworks */ = {
			isa = PBXFrameworksBuildPhase;
			buildActionMask = 2147483647;
			files = (
				4DA81530219BB85100646764 /* RxSwift.framework in Frameworks */,
				4DA81531219BB85100646764 /* RxCocoa.framework in Frameworks */,
			);
			runOnlyForDeploymentPostprocessing = 0;
		};
		4DA8150B219BB08000646764 /* Frameworks */ = {
			isa = PBXFrameworksBuildPhase;
			buildActionMask = 2147483647;
			files = (
				4DA8150F219BB08000646764 /* RxViewCallback.framework in Frameworks */,
			);
			runOnlyForDeploymentPostprocessing = 0;
		};
		4DA81569219BB8BE00646764 /* Frameworks */ = {
			isa = PBXFrameworksBuildPhase;
			buildActionMask = 2147483647;
			files = (
				4DA81583219BB8D300646764 /* RxViewCallback.framework in Frameworks */,
				4DA81580219BB8D000646764 /* RxSwift.framework in Frameworks */,
				4D278257219E5ADA005EEC81 /* RxDataSources.framework in Frameworks */,
				4D278255219E5ADA005EEC81 /* Differentiator.framework in Frameworks */,
				4DA8157E219BB8D000646764 /* RxCocoa.framework in Frameworks */,
			);
			runOnlyForDeploymentPostprocessing = 0;
		};
/* End PBXFrameworksBuildPhase section */

/* Begin PBXGroup section */
		4DA814FB219BB07F00646764 = {
			isa = PBXGroup;
			children = (
				4D278253219E5AD9005EEC81 /* Differentiator.framework */,
				4D278254219E5ADA005EEC81 /* RxDataSources.framework */,
				4DA81507219BB08000646764 /* RxViewCallback */,
				4DA81512219BB08000646764 /* RxViewCallbackTests */,
				4DA8156D219BB8BE00646764 /* RxViewCallbackExample */,
				4DA81506219BB08000646764 /* Products */,
				4DA8152D219BB85100646764 /* Frameworks */,
			);
			sourceTree = "<group>";
		};
		4DA81506219BB08000646764 /* Products */ = {
			isa = PBXGroup;
			children = (
				4DA81505219BB08000646764 /* RxViewCallback.framework */,
				4DA8150E219BB08000646764 /* RxViewCallbackTests.xctest */,
				4DA8156C219BB8BE00646764 /* RxViewCallbackExample.app */,
			);
			name = Products;
			sourceTree = "<group>";
		};
		4DA81507219BB08000646764 /* RxViewCallback */ = {
			isa = PBXGroup;
			children = (
				4DA81508219BB08000646764 /* RxViewCallback.h */,
				4DA81521219BB0AB00646764 /* RxViewCallbackDelegate.swift */,
				4DA81520219BB0AB00646764 /* RxViewCallbackDelegateProxy.swift */,
				4DA81523219BB0AB00646764 /* CallbackData.swift */,
				4DA81522219BB0AB00646764 /* UIView+Callback.swift */,
				4DA81525219BB0AB00646764 /* UITableViewCell+Callback.swift */,
				4DA81524219BB0AB00646764 /* UITableViewHeaderFooterView+Callback.swift */,
				4DA8151F219BB0AB00646764 /* UICollectionViewCell+Callback.swift */,
				4DA81509219BB08000646764 /* Info.plist */,
			);
			path = RxViewCallback;
			sourceTree = "<group>";
		};
		4DA81512219BB08000646764 /* RxViewCallbackTests */ = {
			isa = PBXGroup;
			children = (
				4DA81513219BB08000646764 /* RxViewCallbackTests.m */,
				4DA81515219BB08000646764 /* Info.plist */,
			);
			path = RxViewCallbackTests;
			sourceTree = "<group>";
		};
		4DA8152D219BB85100646764 /* Frameworks */ = {
			isa = PBXGroup;
			children = (
				4DA8152F219BB85100646764 /* RxCocoa.framework */,
				4DA8152E219BB85100646764 /* RxSwift.framework */,
			);
			name = Frameworks;
			sourceTree = "<group>";
		};
		4DA8156D219BB8BE00646764 /* RxViewCallbackExample */ = {
			isa = PBXGroup;
			children = (
				4DA8156E219BB8BE00646764 /* AppDelegate.swift */,
				4DA81572219BB8BE00646764 /* Main.storyboard */,
				4DA81588219BB90200646764 /* UIView */,
				4DA81587219BB8F400646764 /* UITableView */,
				4DA81575219BB8BE00646764 /* Assets.xcassets */,
				4DA81577219BB8BE00646764 /* LaunchScreen.storyboard */,
				4DA8157A219BB8BE00646764 /* Info.plist */,
			);
			path = RxViewCallbackExample;
			sourceTree = "<group>";
		};
		4DA81587219BB8F400646764 /* UITableView */ = {
			isa = PBXGroup;
			children = (
				4DA8159B219C079800646764 /* ExampleSection.swift */,
				4DA81589219BB93900646764 /* ExampleTableViewController.swift */,
				4DA8158B219BB9C700646764 /* ExampleTableViewCell.swift */,
			);
			path = UITableView;
			sourceTree = "<group>";
		};
		4DA81588219BB90200646764 /* UIView */ = {
			isa = PBXGroup;
			children = (
				4DA81570219BB8BE00646764 /* ExampleViewController.swift */,
				4DA8159E219C0BA700646764 /* ExmapleView.swift */,
				4DA815A0219C0FF900646764 /* ExmapleView.xib */,
			);
			path = UIView;
			sourceTree = "<group>";
		};
/* End PBXGroup section */

/* Begin PBXHeadersBuildPhase section */
		4DA81500219BB08000646764 /* Headers */ = {
			isa = PBXHeadersBuildPhase;
			buildActionMask = 2147483647;
			files = (
				4DA81516219BB08000646764 /* RxViewCallback.h in Headers */,
			);
			runOnlyForDeploymentPostprocessing = 0;
		};
/* End PBXHeadersBuildPhase section */

/* Begin PBXNativeTarget section */
		4DA81504219BB08000646764 /* RxViewCallback */ = {
			isa = PBXNativeTarget;
			buildConfigurationList = 4DA81519219BB08000646764 /* Build configuration list for PBXNativeTarget "RxViewCallback" */;
			buildPhases = (
				4DA81500219BB08000646764 /* Headers */,
				4DA81501219BB08000646764 /* Sources */,
				4DA81502219BB08000646764 /* Frameworks */,
				4DA81503219BB08000646764 /* Resources */,
			);
			buildRules = (
			);
			dependencies = (
			);
			name = RxViewCallback;
			productName = RxViewCallback;
			productReference = 4DA81505219BB08000646764 /* RxViewCallback.framework */;
			productType = "com.apple.product-type.framework";
		};
		4DA8150D219BB08000646764 /* RxViewCallbackTests */ = {
			isa = PBXNativeTarget;
			buildConfigurationList = 4DA8151C219BB08000646764 /* Build configuration list for PBXNativeTarget "RxViewCallbackTests" */;
			buildPhases = (
				4DA8150A219BB08000646764 /* Sources */,
				4DA8150B219BB08000646764 /* Frameworks */,
				4DA8150C219BB08000646764 /* Resources */,
			);
			buildRules = (
			);
			dependencies = (
				4DA81511219BB08000646764 /* PBXTargetDependency */,
			);
			name = RxViewCallbackTests;
			productName = RxViewCallbackTests;
			productReference = 4DA8150E219BB08000646764 /* RxViewCallbackTests.xctest */;
			productType = "com.apple.product-type.bundle.unit-test";
		};
		4DA8156B219BB8BE00646764 /* RxViewCallbackExample */ = {
			isa = PBXNativeTarget;
			buildConfigurationList = 4DA8157B219BB8BE00646764 /* Build configuration list for PBXNativeTarget "RxViewCallbackExample" */;
			buildPhases = (
				4DA81568219BB8BE00646764 /* Sources */,
				4DA81569219BB8BE00646764 /* Frameworks */,
				4DA8156A219BB8BE00646764 /* Resources */,
				4DA81582219BB8D000646764 /* Embed Frameworks */,
			);
			buildRules = (
			);
			dependencies = (
				4DA81586219BB8D300646764 /* PBXTargetDependency */,
			);
			name = RxViewCallbackExample;
			productName = RxViewCallbackExample;
			productReference = 4DA8156C219BB8BE00646764 /* RxViewCallbackExample.app */;
			productType = "com.apple.product-type.application";
		};
/* End PBXNativeTarget section */

/* Begin PBXProject section */
		4DA814FC219BB07F00646764 /* Project object */ = {
			isa = PBXProject;
			attributes = {
				LastSwiftUpdateCheck = 1010;
				LastUpgradeCheck = 1010;
				ORGANIZATIONNAME = zevwings;
				TargetAttributes = {
					4DA81504219BB08000646764 = {
						CreatedOnToolsVersion = 10.1;
						LastSwiftMigration = 1010;
					};
					4DA8150D219BB08000646764 = {
						CreatedOnToolsVersion = 10.1;
					};
					4DA8156B219BB8BE00646764 = {
						CreatedOnToolsVersion = 10.1;
					};
				};
			};
			buildConfigurationList = 4DA814FF219BB07F00646764 /* Build configuration list for PBXProject "RxViewCallback" */;
			compatibilityVersion = "Xcode 9.3";
			developmentRegion = en;
			hasScannedForEncodings = 0;
			knownRegions = (
				en,
				Base,
			);
			mainGroup = 4DA814FB219BB07F00646764;
			productRefGroup = 4DA81506219BB08000646764 /* Products */;
			projectDirPath = "";
			projectRoot = "";
			targets = (
				4DA81504219BB08000646764 /* RxViewCallback */,
				4DA8150D219BB08000646764 /* RxViewCallbackTests */,
				4DA8156B219BB8BE00646764 /* RxViewCallbackExample */,
			);
		};
/* End PBXProject section */

/* Begin PBXResourcesBuildPhase section */
		4DA81503219BB08000646764 /* Resources */ = {
			isa = PBXResourcesBuildPhase;
			buildActionMask = 2147483647;
			files = (
			);
			runOnlyForDeploymentPostprocessing = 0;
		};
		4DA8150C219BB08000646764 /* Resources */ = {
			isa = PBXResourcesBuildPhase;
			buildActionMask = 2147483647;
			files = (
			);
			runOnlyForDeploymentPostprocessing = 0;
		};
		4DA8156A219BB8BE00646764 /* Resources */ = {
			isa = PBXResourcesBuildPhase;
			buildActionMask = 2147483647;
			files = (
				4DA81579219BB8BE00646764 /* LaunchScreen.storyboard in Resources */,
				4DA81576219BB8BE00646764 /* Assets.xcassets in Resources */,
				4DA81574219BB8BE00646764 /* Main.storyboard in Resources */,
				4DA815A1219C0FF900646764 /* ExmapleView.xib in Resources */,
			);
			runOnlyForDeploymentPostprocessing = 0;
		};
/* End PBXResourcesBuildPhase section */

/* Begin PBXSourcesBuildPhase section */
		4DA81501219BB08000646764 /* Sources */ = {
			isa = PBXSourcesBuildPhase;
			buildActionMask = 2147483647;
			files = (
				4DA81528219BB0AB00646764 /* RxViewCallbackDelegate.swift in Sources */,
				4DA8152C219BB0AB00646764 /* UITableViewCell+Callback.swift in Sources */,
				4DA81529219BB0AB00646764 /* UIView+Callback.swift in Sources */,
				4DA81526219BB0AB00646764 /* UICollectionViewCell+Callback.swift in Sources */,
				4DA81527219BB0AB00646764 /* RxViewCallbackDelegateProxy.swift in Sources */,
				4DA8152A219BB0AB00646764 /* CallbackData.swift in Sources */,
				4DA8152B219BB0AB00646764 /* UITableViewHeaderFooterView+Callback.swift in Sources */,
			);
			runOnlyForDeploymentPostprocessing = 0;
		};
		4DA8150A219BB08000646764 /* Sources */ = {
			isa = PBXSourcesBuildPhase;
			buildActionMask = 2147483647;
			files = (
				4DA81514219BB08000646764 /* RxViewCallbackTests.m in Sources */,
			);
			runOnlyForDeploymentPostprocessing = 0;
		};
		4DA81568219BB8BE00646764 /* Sources */ = {
			isa = PBXSourcesBuildPhase;
			buildActionMask = 2147483647;
			files = (
				4DA8158C219BB9C700646764 /* ExampleTableViewCell.swift in Sources */,
				4DA8158A219BB93900646764 /* ExampleTableViewController.swift in Sources */,
				4DA81571219BB8BE00646764 /* ExampleViewController.swift in Sources */,
				4DA8159F219C0BA700646764 /* ExmapleView.swift in Sources */,
				4DA8156F219BB8BE00646764 /* AppDelegate.swift in Sources */,
				4DA8159C219C079800646764 /* ExampleSection.swift in Sources */,
			);
			runOnlyForDeploymentPostprocessing = 0;
		};
/* End PBXSourcesBuildPhase section */

/* Begin PBXTargetDependency section */
		4DA81511219BB08000646764 /* PBXTargetDependency */ = {
			isa = PBXTargetDependency;
			target = 4DA81504219BB08000646764 /* RxViewCallback */;
			targetProxy = 4DA81510219BB08000646764 /* PBXContainerItemProxy */;
		};
		4DA81586219BB8D300646764 /* PBXTargetDependency */ = {
			isa = PBXTargetDependency;
			target = 4DA81504219BB08000646764 /* RxViewCallback */;
			targetProxy = 4DA81585219BB8D300646764 /* PBXContainerItemProxy */;
		};
/* End PBXTargetDependency section */

/* Begin PBXVariantGroup section */
		4DA81572219BB8BE00646764 /* Main.storyboard */ = {
			isa = PBXVariantGroup;
			children = (
				4DA81573219BB8BE00646764 /* Base */,
			);
			name = Main.storyboard;
			sourceTree = "<group>";
		};
		4DA81577219BB8BE00646764 /* LaunchScreen.storyboard */ = {
			isa = PBXVariantGroup;
			children = (
				4DA81578219BB8BE00646764 /* Base */,
			);
			name = LaunchScreen.storyboard;
			sourceTree = "<group>";
		};
/* End PBXVariantGroup section */

/* Begin XCBuildConfiguration section */
		4DA81517219BB08000646764 /* Debug */ = {
			isa = XCBuildConfiguration;
			buildSettings = {
				ALWAYS_SEARCH_USER_PATHS = NO;
				CLANG_ANALYZER_NONNULL = YES;
				CLANG_ANALYZER_NUMBER_OBJECT_CONVERSION = YES_AGGRESSIVE;
				CLANG_CXX_LANGUAGE_STANDARD = "gnu++14";
				CLANG_CXX_LIBRARY = "libc++";
				CLANG_ENABLE_MODULES = YES;
				CLANG_ENABLE_OBJC_ARC = YES;
				CLANG_ENABLE_OBJC_WEAK = YES;
				CLANG_WARN_BLOCK_CAPTURE_AUTORELEASING = YES;
				CLANG_WARN_BOOL_CONVERSION = YES;
				CLANG_WARN_COMMA = YES;
				CLANG_WARN_CONSTANT_CONVERSION = YES;
				CLANG_WARN_DEPRECATED_OBJC_IMPLEMENTATIONS = YES;
				CLANG_WARN_DIRECT_OBJC_ISA_USAGE = YES_ERROR;
				CLANG_WARN_DOCUMENTATION_COMMENTS = YES;
				CLANG_WARN_EMPTY_BODY = YES;
				CLANG_WARN_ENUM_CONVERSION = YES;
				CLANG_WARN_INFINITE_RECURSION = YES;
				CLANG_WARN_INT_CONVERSION = YES;
				CLANG_WARN_NON_LITERAL_NULL_CONVERSION = YES;
				CLANG_WARN_OBJC_IMPLICIT_RETAIN_SELF = YES;
				CLANG_WARN_OBJC_LITERAL_CONVERSION = YES;
				CLANG_WARN_OBJC_ROOT_CLASS = YES_ERROR;
				CLANG_WARN_RANGE_LOOP_ANALYSIS = YES;
				CLANG_WARN_STRICT_PROTOTYPES = YES;
				CLANG_WARN_SUSPICIOUS_MOVE = YES;
				CLANG_WARN_UNGUARDED_AVAILABILITY = YES_AGGRESSIVE;
				CLANG_WARN_UNREACHABLE_CODE = YES;
				CLANG_WARN__DUPLICATE_METHOD_MATCH = YES;
				CODE_SIGN_IDENTITY = "iPhone Developer";
				COPY_PHASE_STRIP = NO;
				CURRENT_PROJECT_VERSION = 1;
				DEBUG_INFORMATION_FORMAT = dwarf;
				ENABLE_STRICT_OBJC_MSGSEND = YES;
				ENABLE_TESTABILITY = YES;
				GCC_C_LANGUAGE_STANDARD = gnu11;
				GCC_DYNAMIC_NO_PIC = NO;
				GCC_NO_COMMON_BLOCKS = YES;
				GCC_OPTIMIZATION_LEVEL = 0;
				GCC_PREPROCESSOR_DEFINITIONS = (
					"DEBUG=1",
					"$(inherited)",
				);
				GCC_WARN_64_TO_32_BIT_CONVERSION = YES;
				GCC_WARN_ABOUT_RETURN_TYPE = YES_ERROR;
				GCC_WARN_UNDECLARED_SELECTOR = YES;
				GCC_WARN_UNINITIALIZED_AUTOS = YES_AGGRESSIVE;
				GCC_WARN_UNUSED_FUNCTION = YES;
				GCC_WARN_UNUSED_VARIABLE = YES;
				IPHONEOS_DEPLOYMENT_TARGET = 12.1;
				MTL_ENABLE_DEBUG_INFO = INCLUDE_SOURCE;
				MTL_FAST_MATH = YES;
				ONLY_ACTIVE_ARCH = YES;
				SDKROOT = iphoneos;
				VERSIONING_SYSTEM = "apple-generic";
				VERSION_INFO_PREFIX = "";
			};
			name = Debug;
		};
		4DA81518219BB08000646764 /* Release */ = {
			isa = XCBuildConfiguration;
			buildSettings = {
				ALWAYS_SEARCH_USER_PATHS = NO;
				CLANG_ANALYZER_NONNULL = YES;
				CLANG_ANALYZER_NUMBER_OBJECT_CONVERSION = YES_AGGRESSIVE;
				CLANG_CXX_LANGUAGE_STANDARD = "gnu++14";
				CLANG_CXX_LIBRARY = "libc++";
				CLANG_ENABLE_MODULES = YES;
				CLANG_ENABLE_OBJC_ARC = YES;
				CLANG_ENABLE_OBJC_WEAK = YES;
				CLANG_WARN_BLOCK_CAPTURE_AUTORELEASING = YES;
				CLANG_WARN_BOOL_CONVERSION = YES;
				CLANG_WARN_COMMA = YES;
				CLANG_WARN_CONSTANT_CONVERSION = YES;
				CLANG_WARN_DEPRECATED_OBJC_IMPLEMENTATIONS = YES;
				CLANG_WARN_DIRECT_OBJC_ISA_USAGE = YES_ERROR;
				CLANG_WARN_DOCUMENTATION_COMMENTS = YES;
				CLANG_WARN_EMPTY_BODY = YES;
				CLANG_WARN_ENUM_CONVERSION = YES;
				CLANG_WARN_INFINITE_RECURSION = YES;
				CLANG_WARN_INT_CONVERSION = YES;
				CLANG_WARN_NON_LITERAL_NULL_CONVERSION = YES;
				CLANG_WARN_OBJC_IMPLICIT_RETAIN_SELF = YES;
				CLANG_WARN_OBJC_LITERAL_CONVERSION = YES;
				CLANG_WARN_OBJC_ROOT_CLASS = YES_ERROR;
				CLANG_WARN_RANGE_LOOP_ANALYSIS = YES;
				CLANG_WARN_STRICT_PROTOTYPES = YES;
				CLANG_WARN_SUSPICIOUS_MOVE = YES;
				CLANG_WARN_UNGUARDED_AVAILABILITY = YES_AGGRESSIVE;
				CLANG_WARN_UNREACHABLE_CODE = YES;
				CLANG_WARN__DUPLICATE_METHOD_MATCH = YES;
				CODE_SIGN_IDENTITY = "iPhone Developer";
				COPY_PHASE_STRIP = NO;
				CURRENT_PROJECT_VERSION = 1;
				DEBUG_INFORMATION_FORMAT = "dwarf-with-dsym";
				ENABLE_NS_ASSERTIONS = NO;
				ENABLE_STRICT_OBJC_MSGSEND = YES;
				GCC_C_LANGUAGE_STANDARD = gnu11;
				GCC_NO_COMMON_BLOCKS = YES;
				GCC_WARN_64_TO_32_BIT_CONVERSION = YES;
				GCC_WARN_ABOUT_RETURN_TYPE = YES_ERROR;
				GCC_WARN_UNDECLARED_SELECTOR = YES;
				GCC_WARN_UNINITIALIZED_AUTOS = YES_AGGRESSIVE;
				GCC_WARN_UNUSED_FUNCTION = YES;
				GCC_WARN_UNUSED_VARIABLE = YES;
				IPHONEOS_DEPLOYMENT_TARGET = 12.1;
				MTL_ENABLE_DEBUG_INFO = NO;
				MTL_FAST_MATH = YES;
				SDKROOT = iphoneos;
				VALIDATE_PRODUCT = YES;
				VERSIONING_SYSTEM = "apple-generic";
				VERSION_INFO_PREFIX = "";
			};
			name = Release;
		};
		4DA8151A219BB08000646764 /* Debug */ = {
			isa = XCBuildConfiguration;
			buildSettings = {
				CLANG_ENABLE_MODULES = YES;
				CODE_SIGN_IDENTITY = "iPhone Developer";
				CODE_SIGN_STYLE = Automatic;
				DEFINES_MODULE = YES;
				DEVELOPMENT_TEAM = DDWF823A49;
				DYLIB_COMPATIBILITY_VERSION = 1;
				DYLIB_CURRENT_VERSION = 1;
				DYLIB_INSTALL_NAME_BASE = "@rpath";
				FRAMEWORK_SEARCH_PATHS = (
					"$(inherited)",
					"$(PROJECT_DIR)/Carthage/Build/iOS",
				);
				INFOPLIST_FILE = RxViewCallback/Info.plist;
				INSTALL_PATH = "$(LOCAL_LIBRARY_DIR)/Frameworks";
				IPHONEOS_DEPLOYMENT_TARGET = 8.0;
				LD_RUNPATH_SEARCH_PATHS = (
					"$(inherited)",
					"@executable_path/Frameworks",
					"@loader_path/Frameworks",
				);
				PRODUCT_BUNDLE_IDENTIFIER = com.zevwings.RxViewCallback;
				PRODUCT_NAME = "$(TARGET_NAME:c99extidentifier)";
				SKIP_INSTALL = YES;
				SWIFT_OPTIMIZATION_LEVEL = "-Onone";
				SWIFT_VERSION = 4.2;
				TARGETED_DEVICE_FAMILY = "1,2";
			};
			name = Debug;
		};
		4DA8151B219BB08000646764 /* Release */ = {
			isa = XCBuildConfiguration;
			buildSettings = {
				CLANG_ENABLE_MODULES = YES;
				CODE_SIGN_IDENTITY = "";
				CODE_SIGN_STYLE = Automatic;
				DEFINES_MODULE = YES;
				DEVELOPMENT_TEAM = DDWF823A49;
				DYLIB_COMPATIBILITY_VERSION = 1;
				DYLIB_CURRENT_VERSION = 1;
				DYLIB_INSTALL_NAME_BASE = "@rpath";
				FRAMEWORK_SEARCH_PATHS = (
					"$(inherited)",
					"$(PROJECT_DIR)/Carthage/Build/iOS",
				);
				INFOPLIST_FILE = RxViewCallback/Info.plist;
				INSTALL_PATH = "$(LOCAL_LIBRARY_DIR)/Frameworks";
				IPHONEOS_DEPLOYMENT_TARGET = 8.0;
				LD_RUNPATH_SEARCH_PATHS = (
					"$(inherited)",
					"@executable_path/Frameworks",
					"@loader_path/Frameworks",
				);
				PRODUCT_BUNDLE_IDENTIFIER = com.zevwings.RxViewCallback;
				PRODUCT_NAME = "$(TARGET_NAME:c99extidentifier)";
				SKIP_INSTALL = YES;
				SWIFT_VERSION = 4.2;
				TARGETED_DEVICE_FAMILY = "1,2";
			};
			name = Release;
		};
		4DA8151D219BB08000646764 /* Debug */ = {
			isa = XCBuildConfiguration;
			buildSettings = {
				ALWAYS_EMBED_SWIFT_STANDARD_LIBRARIES = YES;
				CODE_SIGN_STYLE = Automatic;
				INFOPLIST_FILE = RxViewCallbackTests/Info.plist;
				LD_RUNPATH_SEARCH_PATHS = (
					"$(inherited)",
					"@executable_path/Frameworks",
					"@loader_path/Frameworks",
				);
				PRODUCT_BUNDLE_IDENTIFIER = com.zevwings.RxViewCallbackTests;
				PRODUCT_NAME = "$(TARGET_NAME)";
				TARGETED_DEVICE_FAMILY = "1,2";
			};
			name = Debug;
		};
		4DA8151E219BB08000646764 /* Release */ = {
			isa = XCBuildConfiguration;
			buildSettings = {
				ALWAYS_EMBED_SWIFT_STANDARD_LIBRARIES = YES;
				CODE_SIGN_STYLE = Automatic;
				INFOPLIST_FILE = RxViewCallbackTests/Info.plist;
				LD_RUNPATH_SEARCH_PATHS = (
					"$(inherited)",
					"@executable_path/Frameworks",
					"@loader_path/Frameworks",
				);
				PRODUCT_BUNDLE_IDENTIFIER = com.zevwings.RxViewCallbackTests;
				PRODUCT_NAME = "$(TARGET_NAME)";
				TARGETED_DEVICE_FAMILY = "1,2";
			};
			name = Release;
		};
		4DA8157C219BB8BE00646764 /* Debug */ = {
			isa = XCBuildConfiguration;
			buildSettings = {
				ALWAYS_EMBED_SWIFT_STANDARD_LIBRARIES = YES;
				ASSETCATALOG_COMPILER_APPICON_NAME = AppIcon;
				CODE_SIGN_IDENTITY = "iPhone Developer";
				CODE_SIGN_STYLE = Automatic;
				DEVELOPMENT_TEAM = "";
				FRAMEWORK_SEARCH_PATHS = (
					"$(inherited)",
					"$(PROJECT_DIR)/Carthage/Build/iOS",
					"$(PROJECT_DIR)",
				);
				INFOPLIST_FILE = RxViewCallbackExample/Info.plist;
				LD_RUNPATH_SEARCH_PATHS = (
					"$(inherited)",
					"@executable_path/Frameworks",
				);
				PRODUCT_BUNDLE_IDENTIFIER = com.zevwings.RxViewCallbackExample;
				PRODUCT_NAME = "$(TARGET_NAME)";
				PROVISIONING_PROFILE_SPECIFIER = "";
				SWIFT_ACTIVE_COMPILATION_CONDITIONS = DEBUG;
				SWIFT_OPTIMIZATION_LEVEL = "-Onone";
				SWIFT_VERSION = 4.2;
				TARGETED_DEVICE_FAMILY = "1,2";
			};
			name = Debug;
		};
		4DA8157D219BB8BE00646764 /* Release */ = {
			isa = XCBuildConfiguration;
			buildSettings = {
				ALWAYS_EMBED_SWIFT_STANDARD_LIBRARIES = YES;
				ASSETCATALOG_COMPILER_APPICON_NAME = AppIcon;
				CODE_SIGN_IDENTITY = "iPhone Developer";
				CODE_SIGN_STYLE = Automatic;
				DEVELOPMENT_TEAM = "";
				FRAMEWORK_SEARCH_PATHS = (
					"$(inherited)",
					"$(PROJECT_DIR)/Carthage/Build/iOS",
					"$(PROJECT_DIR)",
				);
				INFOPLIST_FILE = RxViewCallbackExample/Info.plist;
				LD_RUNPATH_SEARCH_PATHS = (
					"$(inherited)",
					"@executable_path/Frameworks",
				);
				PRODUCT_BUNDLE_IDENTIFIER = com.zevwings.RxViewCallbackExample;
				PRODUCT_NAME = "$(TARGET_NAME)";
				PROVISIONING_PROFILE_SPECIFIER = "";
				SWIFT_COMPILATION_MODE = wholemodule;
				SWIFT_OPTIMIZATION_LEVEL = "-O";
				SWIFT_VERSION = 4.2;
				TARGETED_DEVICE_FAMILY = "1,2";
			};
			name = Release;
		};
/* End XCBuildConfiguration section */

/* Begin XCConfigurationList section */
		4DA814FF219BB07F00646764 /* Build configuration list for PBXProject "RxViewCallback" */ = {
			isa = XCConfigurationList;
			buildConfigurations = (
				4DA81517219BB08000646764 /* Debug */,
				4DA81518219BB08000646764 /* Release */,
			);
			defaultConfigurationIsVisible = 0;
			defaultConfigurationName = Release;
		};
		4DA81519219BB08000646764 /* Build configuration list for PBXNativeTarget "RxViewCallback" */ = {
			isa = XCConfigurationList;
			buildConfigurations = (
				4DA8151A219BB08000646764 /* Debug */,
				4DA8151B219BB08000646764 /* Release */,
			);
			defaultConfigurationIsVisible = 0;
			defaultConfigurationName = Release;
		};
		4DA8151C219BB08000646764 /* Build configuration list for PBXNativeTarget "RxViewCallbackTests" */ = {
			isa = XCConfigurationList;
			buildConfigurations = (
				4DA8151D219BB08000646764 /* Debug */,
				4DA8151E219BB08000646764 /* Release */,
			);
			defaultConfigurationIsVisible = 0;
			defaultConfigurationName = Release;
		};
		4DA8157B219BB8BE00646764 /* Build configuration list for PBXNativeTarget "RxViewCallbackExample" */ = {
			isa = XCConfigurationList;
			buildConfigurations = (
				4DA8157C219BB8BE00646764 /* Debug */,
				4DA8157D219BB8BE00646764 /* Release */,
			);
			defaultConfigurationIsVisible = 0;
			defaultConfigurationName = Release;
		};
/* End XCConfigurationList section */
	};
	rootObject = 4DA814FC219BB07F00646764 /* Project object */;
}
